
Microsoft Visual Studio Solution File, Format Version 12.00
# Visual Studio Version 17
VisualStudioVersion = 17.5.33424.131
MinimumVisualStudioVersion = 10.0.40219.1
Project("{9A19103F-16F7-4668-BE54-9A1E7A4F7556}") = "ButtonInFormEF.Module", "ButtonInFormEF.Module\ButtonInFormEF.Module.csproj", "{297DD534-2D1A-42B5-87D5-EE7A9F7583FA}"
EndProject
Project("{9A19103F-16F7-4668-BE54-9A1E7A4F7556}") = "ButtonInFormEF.Win", "ButtonInFormEF.Win\ButtonInFormEF.Win.csproj", "{0AB89551-AF12-4D1D-B687-07968EC19320}"
EndProject
Global
	GlobalSection(SolutionConfigurationPlatforms) = preSolution
		Debug|Any CPU = Debug|Any CPU
		EasyTest|Any CPU = EasyTest|Any CPU
		Release|Any CPU = Release|Any CPU
	EndGlobalSection
	GlobalSection(ProjectConfigurationPlatforms) = postSolution
		{297DD534-2D1A-42B5-87D5-EE7A9F7583FA}.Debug|Any CPU.ActiveCfg = Debug|Any CPU
		{297DD534-2D1A-42B5-87D5-EE7A9F7583FA}.Debug|Any CPU.Build.0 = Debug|Any CPU
		{297DD534-2D1A-42B5-87D5-EE7A9F7583FA}.EasyTest|Any CPU.ActiveCfg = EasyTest|Any CPU
		{297DD534-2D1A-42B5-87D5-EE7A9F7583FA}.EasyTest|Any CPU.Build.0 = EasyTest|Any CPU
		{297DD534-2D1A-42B5-87D5-EE7A9F7583FA}.Release|Any CPU.ActiveCfg = Release|Any CPU
		{297DD534-2D1A-42B5-87D5-EE7A9F7583FA}.Release|Any CPU.Build.0 = Release|Any CPU
		{0AB89551-AF12-4D1D-B687-07968EC19320}.Debug|Any CPU.ActiveCfg = Debug|Any CPU
		{0AB89551-AF12-4D1D-B687-07968EC19320}.Debug|Any CPU.Build.0 = Debug|Any CPU
		{0AB89551-AF12-4D1D-B687-07968EC19320}.EasyTest|Any CPU.ActiveCfg = EasyTest|Any CPU
		{0AB89551-AF12-4D1D-B687-07968EC19320}.EasyTest|Any CPU.Build.0 = EasyTest|Any CPU
		{0AB89551-AF12-4D1D-B687-07968EC19320}.Release|Any CPU.ActiveCfg = Release|Any CPU
		{0AB89551-AF12-4D1D-B687-07968EC19320}.Release|Any CPU.Build.0 = Release|Any CPU
	EndGlobalSection
	GlobalSection(SolutionProperties) = preSolution
		HideSolutionNode = FALSE
	EndGlobalSection
EndGlobal
